
Microsoft Visual Studio Solution File, Format Version 12.00
# Visual Studio Version 16
VisualStudioVersion = 16.0.30011.22
MinimumVisualStudioVersion = 10.0.40219.1
Project("{FAE04EC0-301F-11D3-BF4B-00C04F79EFBC}") = "Consultgoo.Android", "Consultgoo\Consultgoo.Android\Consultgoo.Android.csproj", "{2EA61B9C-77C1-4A27-8502-9528CD0E08AF}"
EndProject
Project("{FAE04EC0-301F-11D3-BF4B-00C04F79EFBC}") = "Consultgoo.iOS", "Consultgoo\Consultgoo.iOS\Consultgoo.iOS.csproj", "{343F6045-5813-4DF1-B035-8DBC5B410D1E}"
EndProject
Project("{FAE04EC0-301F-11D3-BF4B-00C04F79EFBC}") = "Consultgoo", "Consultgoo\Consultgoo\Consultgoo.csproj", "{F3C5AC64-E5BA-46B1-A04E-E98B4E031838}"
EndProject
Global
	GlobalSection(SolutionConfigurationPlatforms) = preSolution
		Debug|Any CPU = Debug|Any CPU
		Debug|iPhone = Debug|iPhone
		Debug|iPhoneSimulator = Debug|iPhoneSimulator
		Release|Any CPU = Release|Any CPU
		Release|iPhone = Release|iPhone
		Release|iPhoneSimulator = Release|iPhoneSimulator
	EndGlobalSection
	GlobalSection(ProjectConfigurationPlatforms) = postSolution
		{2EA61B9C-77C1-4A27-8502-9528CD0E08AF}.Debug|Any CPU.ActiveCfg = Debug|Any CPU
		{2EA61B9C-77C1-4A27-8502-9528CD0E08AF}.Debug|Any CPU.Build.0 = Debug|Any CPU
		{2EA61B9C-77C1-4A27-8502-9528CD0E08AF}.Debug|Any CPU.Deploy.0 = Debug|Any CPU
		{2EA61B9C-77C1-4A27-8502-9528CD0E08AF}.Debug|iPhone.ActiveCfg = Debug|Any CPU
		{2EA61B9C-77C1-4A27-8502-9528CD0E08AF}.Debug|iPhone.Build.0 = Debug|Any CPU
		{2EA61B9C-77C1-4A27-8502-9528CD0E08AF}.Debug|iPhone.Deploy.0 = Debug|Any CPU
		{2EA61B9C-77C1-4A27-8502-9528CD0E08AF}.Debug|iPhoneSimulator.ActiveCfg = Debug|Any CPU
		{2EA61B9C-77C1-4A27-8502-9528CD0E08AF}.Debug|iPhoneSimulator.Build.0 = Debug|Any CPU
		{2EA61B9C-77C1-4A27-8502-9528CD0E08AF}.Debug|iPhoneSimulator.Deploy.0 = Debug|Any CPU
		{2EA61B9C-77C1-4A27-8502-9528CD0E08AF}.Release|Any CPU.ActiveCfg = Release|Any CPU
		{2EA61B9C-77C1-4A27-8502-9528CD0E08AF}.Release|Any CPU.Build.0 = Release|Any CPU
		{2EA61B9C-77C1-4A27-8502-9528CD0E08AF}.Release|Any CPU.Deploy.0 = Release|Any CPU
		{2EA61B9C-77C1-4A27-8502-9528CD0E08AF}.Release|iPhone.ActiveCfg = Release|Any CPU
		{2EA61B9C-77C1-4A27-8502-9528CD0E08AF}.Release|iPhone.Build.0 = Release|Any CPU
		{2EA61B9C-77C1-4A27-8502-9528CD0E08AF}.Release|iPhone.Deploy.0 = Release|Any CPU
		{2EA61B9C-77C1-4A27-8502-9528CD0E08AF}.Release|iPhoneSimulator.ActiveCfg = Release|Any CPU
		{2EA61B9C-77C1-4A27-8502-9528CD0E08AF}.Release|iPhoneSimulator.Build.0 = Release|Any CPU
		{2EA61B9C-77C1-4A27-8502-9528CD0E08AF}.Release|iPhoneSimulator.Deploy.0 = Release|Any CPU
		{343F6045-5813-4DF1-B035-8DBC5B410D1E}.Debug|Any CPU.ActiveCfg = Debug|iPhone
		{343F6045-5813-4DF1-B035-8DBC5B410D1E}.Debug|Any CPU.Build.0 = Debug|iPhone
		{343F6045-5813-4DF1-B035-8DBC5B410D1E}.Debug|Any CPU.Deploy.0 = Debug|iPhone
		{343F6045-5813-4DF1-B035-8DBC5B410D1E}.Debug|iPhone.ActiveCfg = Debug|iPhone
		{343F6045-5813-4DF1-B035-8DBC5B410D1E}.Debug|iPhone.Build.0 = Debug|iPhone
		{343F6045-5813-4DF1-B035-8DBC5B410D1E}.Debug|iPhone.Deploy.0 = Debug|iPhone
		{343F6045-5813-4DF1-B035-8DBC5B410D1E}.Debug|iPhoneSimulator.ActiveCfg = Debug|iPhoneSimulator
		{343F6045-5813-4DF1-B035-8DBC5B410D1E}.Debug|iPhoneSimulator.Build.0 = Debug|iPhoneSimulator
		{343F6045-5813-4DF1-B035-8DBC5B410D1E}.Debug|iPhoneSimulator.Deploy.0 = Debug|iPhoneSimulator
		{343F6045-5813-4DF1-B035-8DBC5B410D1E}.Release|Any CPU.ActiveCfg = Release|iPhone
		{343F6045-5813-4DF1-B035-8DBC5B410D1E}.Release|Any CPU.Build.0 = Release|iPhone
		{343F6045-5813-4DF1-B035-8DBC5B410D1E}.Release|Any CPU.Deploy.0 = Release|iPhone
		{343F6045-5813-4DF1-B035-8DBC5B410D1E}.Release|iPhone.ActiveCfg = Release|iPhone
		{343F6045-5813-4DF1-B035-8DBC5B410D1E}.Release|iPhone.Build.0 = Release|iPhone
		{343F6045-5813-4DF1-B035-8DBC5B410D1E}.Release|iPhone.Deploy.0 = Release|iPhone
		{343F6045-5813-4DF1-B035-8DBC5B410D1E}.Release|iPhoneSimulator.ActiveCfg = Release|iPhoneSimulator
		{343F6045-5813-4DF1-B035-8DBC5B410D1E}.Release|iPhoneSimulator.Build.0 = Release|iPhoneSimulator
		{343F6045-5813-4DF1-B035-8DBC5B410D1E}.Release|iPhoneSimulator.Deploy.0 = Release|iPhoneSimulator
		{F3C5AC64-E5BA-46B1-A04E-E98B4E031838}.Debug|Any CPU.ActiveCfg = Debug|Any CPU
		{F3C5AC64-E5BA-46B1-A04E-E98B4E031838}.Debug|Any CPU.Build.0 = Debug|Any CPU
		{F3C5AC64-E5BA-46B1-A04E-E98B4E031838}.Debug|Any CPU.Deploy.0 = Debug|Any CPU
		{F3C5AC64-E5BA-46B1-A04E-E98B4E031838}.Debug|iPhone.ActiveCfg = Debug|Any CPU
		{F3C5AC64-E5BA-46B1-A04E-E98B4E031838}.Debug|iPhone.Build.0 = Debug|Any CPU
		{F3C5AC64-E5BA-46B1-A04E-E98B4E031838}.Debug|iPhone.Deploy.0 = Debug|Any CPU
		{F3C5AC64-E5BA-46B1-A04E-E98B4E031838}.Debug|iPhoneSimulator.ActiveCfg = Debug|Any CPU
		{F3C5AC64-E5BA-46B1-A04E-E98B4E031838}.Debug|iPhoneSimulator.Build.0 = Debug|Any CPU
		{F3C5AC64-E5BA-46B1-A04E-E98B4E031838}.Debug|iPhoneSimulator.Deploy.0 = Debug|Any CPU
		{F3C5AC64-E5BA-46B1-A04E-E98B4E031838}.Release|Any CPU.ActiveCfg = Release|Any CPU
		{F3C5AC64-E5BA-46B1-A04E-E98B4E031838}.Release|Any CPU.Build.0 = Release|Any CPU
		{F3C5AC64-E5BA-46B1-A04E-E98B4E031838}.Release|Any CPU.Deploy.0 = Release|Any CPU
		{F3C5AC64-E5BA-46B1-A04E-E98B4E031838}.Release|iPhone.ActiveCfg = Release|Any CPU
		{F3C5AC64-E5BA-46B1-A04E-E98B4E031838}.Release|iPhone.Build.0 = Release|Any CPU
		{F3C5AC64-E5BA-46B1-A04E-E98B4E031838}.Release|iPhone.Deploy.0 = Release|Any CPU
		{F3C5AC64-E5BA-46B1-A04E-E98B4E031838}.Release|iPhoneSimulator.ActiveCfg = Release|Any CPU
		{F3C5AC64-E5BA-46B1-A04E-E98B4E031838}.Release|iPhoneSimulator.Build.0 = Release|Any CPU
		{F3C5AC64-E5BA-46B1-A04E-E98B4E031838}.Release|iPhoneSimulator.Deploy.0 = Release|Any CPU
	EndGlobalSection
	GlobalSection(SolutionProperties) = preSolution
		HideSolutionNode = FALSE
	EndGlobalSection
	GlobalSection(ExtensibilityGlobals) = postSolution
		SolutionGuid = {B7E33FD3-A411-4469-ADED-062602E95DC0}
	EndGlobalSection
EndGlobal
